
Microsoft Visual Studio Solution File, Format Version 12.00
# Visual Studio Version 16
VisualStudioVersion = 16.0.31321.278
MinimumVisualStudioVersion = 10.0.40219.1
Project("{9A19103F-16F7-4668-BE54-9A1E7A4F7556}") = "CarRentalManagement.Server", "CarRentalManagement\Server\CarRentalManagement.Server.csproj", "{CCD8116E-B243-434C-B0DE-C7D36A53DC26}"
EndProject
Project("{9A19103F-16F7-4668-BE54-9A1E7A4F7556}") = "CarRentalManagement.Client", "CarRentalManagement\Client\CarRentalManagement.Client.csproj", "{6DF13DC5-EBB9-4D7A-86E5-8695D8A15AA1}"
EndProject
Project("{9A19103F-16F7-4668-BE54-9A1E7A4F7556}") = "CarRentalManagement.Shared", "CarRentalManagement\Shared\CarRentalManagement.Shared.csproj", "{2FCFBA44-72D9-40E4-8EA2-14CACED6C8A1}"
EndProject
Global
	GlobalSection(SolutionConfigurationPlatforms) = preSolution
		Debug|Any CPU = Debug|Any CPU
		Release|Any CPU = Release|Any CPU
	EndGlobalSection
	GlobalSection(ProjectConfigurationPlatforms) = postSolution
		{CCD8116E-B243-434C-B0DE-C7D36A53DC26}.Debug|Any CPU.ActiveCfg = Debug|Any CPU
		{CCD8116E-B243-434C-B0DE-C7D36A53DC26}.Debug|Any CPU.Build.0 = Debug|Any CPU
		{CCD8116E-B243-434C-B0DE-C7D36A53DC26}.Release|Any CPU.ActiveCfg = Release|Any CPU
		{CCD8116E-B243-434C-B0DE-C7D36A53DC26}.Release|Any CPU.Build.0 = Release|Any CPU
		{6DF13DC5-EBB9-4D7A-86E5-8695D8A15AA1}.Debug|Any CPU.ActiveCfg = Debug|Any CPU
		{6DF13DC5-EBB9-4D7A-86E5-8695D8A15AA1}.Debug|Any CPU.Build.0 = Debug|Any CPU
		{6DF13DC5-EBB9-4D7A-86E5-8695D8A15AA1}.Release|Any CPU.ActiveCfg = Release|Any CPU
		{6DF13DC5-EBB9-4D7A-86E5-8695D8A15AA1}.Release|Any CPU.Build.0 = Release|Any CPU
		{2FCFBA44-72D9-40E4-8EA2-14CACED6C8A1}.Debug|Any CPU.ActiveCfg = Debug|Any CPU
		{2FCFBA44-72D9-40E4-8EA2-14CACED6C8A1}.Debug|Any CPU.Build.0 = Debug|Any CPU
		{2FCFBA44-72D9-40E4-8EA2-14CACED6C8A1}.Release|Any CPU.ActiveCfg = Release|Any CPU
		{2FCFBA44-72D9-40E4-8EA2-14CACED6C8A1}.Release|Any CPU.Build.0 = Release|Any CPU
	EndGlobalSection
	GlobalSection(SolutionProperties) = preSolution
		HideSolutionNode = FALSE
	EndGlobalSection
	GlobalSection(ExtensibilityGlobals) = postSolution
		SolutionGuid = {F692835E-DD2F-4097-8D3E-CC914BC19CE3}
	EndGlobalSection
EndGlobal
